
Microsoft Visual Studio Solution File, Format Version 12.00
# Visual Studio 15
VisualStudioVersion = 15.0.28010.2050
MinimumVisualStudioVersion = 10.0.40219.1
Project("{8BC9CEB8-8B4A-11D0-8D11-00A0C91BC942}") = "ModulKolejkiPriorytetowej", "ModulKolejkiPriorytetowej\ModulKolejkiPriorytetowej.vcxproj", "{B25152CA-04AD-457B-8A2C-DED6E4CF90AB}"
EndProject
Global
	GlobalSection(SolutionConfigurationPlatforms) = preSolution
		Debug|x64 = Debug|x64
		Debug|x86 = Debug|x86
		Release|x64 = Release|x64
		Release|x86 = Release|x86
	EndGlobalSection
	GlobalSection(ProjectConfigurationPlatforms) = postSolution
		{B25152CA-04AD-457B-8A2C-DED6E4CF90AB}.Debug|x64.ActiveCfg = Debug|x64
		{B25152CA-04AD-457B-8A2C-DED6E4CF90AB}.Debug|x64.Build.0 = Debug|x64
		{B25152CA-04AD-457B-8A2C-DED6E4CF90AB}.Debug|x86.ActiveCfg = Debug|Win32
		{B25152CA-04AD-457B-8A2C-DED6E4CF90AB}.Debug|x86.Build.0 = Debug|Win32
		{B25152CA-04AD-457B-8A2C-DED6E4CF90AB}.Release|x64.ActiveCfg = Release|x64
		{B25152CA-04AD-457B-8A2C-DED6E4CF90AB}.Release|x64.Build.0 = Release|x64
		{B25152CA-04AD-457B-8A2C-DED6E4CF90AB}.Release|x86.ActiveCfg = Release|Win32
		{B25152CA-04AD-457B-8A2C-DED6E4CF90AB}.Release|x86.Build.0 = Release|Win32
	EndGlobalSection
	GlobalSection(SolutionProperties) = preSolution
		HideSolutionNode = FALSE
	EndGlobalSection
	GlobalSection(ExtensibilityGlobals) = postSolution
		SolutionGuid = {F8A8F3EA-BE46-4D5A-AE29-51CD68E14FAB}
	EndGlobalSection
EndGlobal
